# This file was autogenerated by Stack.
# You should not edit this file by hand.
# For more information, please see the documentation at:
#   https://docs.haskellstack.org/en/stable/lock_files

packages:
- completed:
    hackage: ekg-0.4.0.15@sha256:d1b824c2f3bea46fe68d1ce194c61dffe2c58a742dbbb0087f788da849c0d5dc,2031
    pantry-tree:
      size: 1495
      sha256: ca44662339e9b81b21e89721a041cffe3501e1a350afb978877be4a514c075b7
  original:
    hackage: ekg-0.4.0.15
- completed:
    hackage: ekg-json-0.1.0.6@sha256:75047d4b3c235293fe3d3508106e91fbc03c3c3a5a2f1b924eadb81f6d492484,1050
    pantry-tree:
      size: 265
      sha256: db7cecf2d9b37d2be8f5ea880a74b15690dec20353dc465b84a6fcd62d87a217
  original:
    hackage: ekg-json-0.1.0.6
- completed:
    hackage: ekg-core-0.1.1.7@sha256:c4356aefea0e1e2f80a236d3b3f81b83b445c1e53519302e96477da0adee2e9f,2039
    pantry-tree:
      size: 1073
      sha256: f403baeb7787c69c5e28f5aa1e94f78d4363beb19362d66f18de4a1aef0723fe
  original:
    hackage: ekg-core-0.1.1.7
snapshots:
- completed:
    size: 496112
    url: https://raw.githubusercontent.com/commercialhaskell/stackage-snapshots/master/lts/15/15.yaml
    sha256: 86169722ad0056ffc9eacc157ef80ee21d7024f92c0d2961c89ccf432db230a3
  original: lts-15.15
